
Microsoft Visual Studio Solution File, Format Version 12.00
# Visual Studio 14
VisualStudioVersion = 14.0.23107.0
MinimumVisualStudioVersion = 10.0.40219.1
Project("{FAE04EC0-301F-11D3-BF4B-00C04F79EFBC}") = "Favourites.Console", "Favourites.Console\Favourites.Console.csproj", "{AD05F351-BA61-42CF-8E55-C6DFC630C9AA}"
EndProject
Project("{FAE04EC0-301F-11D3-BF4B-00C04F79EFBC}") = "Favourites.Domain", "Favourites.Domain\Favourites.Domain.csproj", "{22172084-8D40-4254-B49F-C952DE8695F8}"
EndProject
Project("{FAE04EC0-301F-11D3-BF4B-00C04F79EFBC}") = "Favourites.Repository", "Favourites.Repository\Favourites.Repository.csproj", "{94EF5E6A-FAB1-4228-9D39-9FCF59E40BE6}"
EndProject
Project("{FAE04EC0-301F-11D3-BF4B-00C04F79EFBC}") = "Favourites.WebUI", "Favourites.WebUI\Favourites.WebUI.csproj", "{2F8198E5-854A-4276-8C0D-ED0BC8EA1311}"
EndProject
Global
	GlobalSection(SolutionConfigurationPlatforms) = preSolution
		Debug|Any CPU = Debug|Any CPU
		Release|Any CPU = Release|Any CPU
	EndGlobalSection
	GlobalSection(ProjectConfigurationPlatforms) = postSolution
		{AD05F351-BA61-42CF-8E55-C6DFC630C9AA}.Debug|Any CPU.ActiveCfg = Debug|Any CPU
		{AD05F351-BA61-42CF-8E55-C6DFC630C9AA}.Debug|Any CPU.Build.0 = Debug|Any CPU
		{AD05F351-BA61-42CF-8E55-C6DFC630C9AA}.Release|Any CPU.ActiveCfg = Release|Any CPU
		{AD05F351-BA61-42CF-8E55-C6DFC630C9AA}.Release|Any CPU.Build.0 = Release|Any CPU
		{22172084-8D40-4254-B49F-C952DE8695F8}.Debug|Any CPU.ActiveCfg = Debug|Any CPU
		{22172084-8D40-4254-B49F-C952DE8695F8}.Debug|Any CPU.Build.0 = Debug|Any CPU
		{22172084-8D40-4254-B49F-C952DE8695F8}.Release|Any CPU.ActiveCfg = Release|Any CPU
		{22172084-8D40-4254-B49F-C952DE8695F8}.Release|Any CPU.Build.0 = Release|Any CPU
		{94EF5E6A-FAB1-4228-9D39-9FCF59E40BE6}.Debug|Any CPU.ActiveCfg = Debug|Any CPU
		{94EF5E6A-FAB1-4228-9D39-9FCF59E40BE6}.Debug|Any CPU.Build.0 = Debug|Any CPU
		{94EF5E6A-FAB1-4228-9D39-9FCF59E40BE6}.Release|Any CPU.ActiveCfg = Release|Any CPU
		{94EF5E6A-FAB1-4228-9D39-9FCF59E40BE6}.Release|Any CPU.Build.0 = Release|Any CPU
		{2F8198E5-854A-4276-8C0D-ED0BC8EA1311}.Debug|Any CPU.ActiveCfg = Debug|Any CPU
		{2F8198E5-854A-4276-8C0D-ED0BC8EA1311}.Debug|Any CPU.Build.0 = Debug|Any CPU
		{2F8198E5-854A-4276-8C0D-ED0BC8EA1311}.Release|Any CPU.ActiveCfg = Release|Any CPU
		{2F8198E5-854A-4276-8C0D-ED0BC8EA1311}.Release|Any CPU.Build.0 = Release|Any CPU
	EndGlobalSection
	GlobalSection(SolutionProperties) = preSolution
		HideSolutionNode = FALSE
	EndGlobalSection
EndGlobal
